// !$*UTF8*$!
{
	archiveVersion = 1;
	classes = {
	};
	objectVersion = 56;
	objects = {

/* Begin PBXBuildFile section */
		81C9AE5C2C8DDE0F00DA8DCC /* PaletteDesignerApp.swift in Sources */ = {isa = PBXBuildFile; fileRef = 81C9AE5B2C8DDE0F00DA8DCC /* PaletteDesignerApp.swift */; };
		81C9AE5E2C8DDE0F00DA8DCC /* ContentView.swift in Sources */ = {isa = PBXBuildFile; fileRef = 81C9AE5D2C8DDE0F00DA8DCC /* ContentView.swift */; };
		81C9AE602C8DDE1000DA8DCC /* Assets.xcassets in Resources */ = {isa = PBXBuildFile; fileRef = 81C9AE5F2C8DDE1000DA8DCC /* Assets.xcassets */; };
		81C9AE632C8DDE1000DA8DCC /* Preview Assets.xcassets in Resources */ = {isa = PBXBuildFile; fileRef = 81C9AE622C8DDE1000DA8DCC /* Preview Assets.xcassets */; };
		81C9AE6C2C8DDE3200DA8DCC /* NVMColor in Frameworks */ = {isa = PBXBuildFile; productRef = 81C9AE6B2C8DDE3200DA8DCC /* NVMColor */; };
		81C9AE6E2C8DE2D800DA8DCC /* SwatchView.swift in Sources */ = {isa = PBXBuildFile; fileRef = 81C9AE6D2C8DE2D800DA8DCC /* SwatchView.swift */; };
/* End PBXBuildFile section */

/* Begin PBXFileReference section */
		81C9AE582C8DDE0F00DA8DCC /* PaletteDesigner.app */ = {isa = PBXFileReference; explicitFileType = wrapper.application; includeInIndex = 0; path = PaletteDesigner.app; sourceTree = BUILT_PRODUCTS_DIR; };
		81C9AE5B2C8DDE0F00DA8DCC /* PaletteDesignerApp.swift */ = {isa = PBXFileReference; lastKnownFileType = sourcecode.swift; path = PaletteDesignerApp.swift; sourceTree = "<group>"; };
		81C9AE5D2C8DDE0F00DA8DCC /* ContentView.swift */ = {isa = PBXFileReference; lastKnownFileType = sourcecode.swift; path = ContentView.swift; sourceTree = "<group>"; };
		81C9AE5F2C8DDE1000DA8DCC /* Assets.xcassets */ = {isa = PBXFileReference; lastKnownFileType = folder.assetcatalog; path = Assets.xcassets; sourceTree = "<group>"; };
		81C9AE622C8DDE1000DA8DCC /* Preview Assets.xcassets */ = {isa = PBXFileReference; lastKnownFileType = folder.assetcatalog; path = "Preview Assets.xcassets"; sourceTree = "<group>"; };
		81C9AE642C8DDE1000DA8DCC /* PaletteDesigner.entitlements */ = {isa = PBXFileReference; lastKnownFileType = text.plist.entitlements; path = PaletteDesigner.entitlements; sourceTree = "<group>"; };
		81C9AE6D2C8DE2D800DA8DCC /* SwatchView.swift */ = {isa = PBXFileReference; lastKnownFileType = sourcecode.swift; path = SwatchView.swift; sourceTree = "<group>"; };
/* End PBXFileReference section */

/* Begin PBXFrameworksBuildPhase section */
		81C9AE552C8DDE0F00DA8DCC /* Frameworks */ = {
			isa = PBXFrameworksBuildPhase;
			buildActionMask = 2147483647;
			files = (
				81C9AE6C2C8DDE3200DA8DCC /* NVMColor in Frameworks */,
			);
			runOnlyForDeploymentPostprocessing = 0;
		};
/* End PBXFrameworksBuildPhase section */

/* Begin PBXGroup section */
		81C9AE4F2C8DDE0F00DA8DCC = {
			isa = PBXGroup;
			children = (
				81C9AE5A2C8DDE0F00DA8DCC /* PaletteDesigner */,
				81C9AE592C8DDE0F00DA8DCC /* Products */,
			);
			sourceTree = "<group>";
		};
		81C9AE592C8DDE0F00DA8DCC /* Products */ = {
			isa = PBXGroup;
			children = (
				81C9AE582C8DDE0F00DA8DCC /* PaletteDesigner.app */,
			);
			name = Products;
			sourceTree = "<group>";
		};
		81C9AE5A2C8DDE0F00DA8DCC /* PaletteDesigner */ = {
			isa = PBXGroup;
			children = (
				81C9AE5B2C8DDE0F00DA8DCC /* PaletteDesignerApp.swift */,
				81C9AE6D2C8DE2D800DA8DCC /* SwatchView.swift */,
				81C9AE5D2C8DDE0F00DA8DCC /* ContentView.swift */,
				81C9AE5F2C8DDE1000DA8DCC /* Assets.xcassets */,
				81C9AE642C8DDE1000DA8DCC /* PaletteDesigner.entitlements */,
				81C9AE612C8DDE1000DA8DCC /* Preview Content */,
			);
			path = PaletteDesigner;
			sourceTree = "<group>";
		};
		81C9AE612C8DDE1000DA8DCC /* Preview Content */ = {
			isa = PBXGroup;
			children = (
				81C9AE622C8DDE1000DA8DCC /* Preview Assets.xcassets */,
			);
			path = "Preview Content";
			sourceTree = "<group>";
		};
/* End PBXGroup section */

/* Begin PBXNativeTarget section */
		81C9AE572C8DDE0F00DA8DCC /* PaletteDesigner */ = {
			isa = PBXNativeTarget;
			buildConfigurationList = 81C9AE672C8DDE1000DA8DCC /* Build configuration list for PBXNativeTarget "PaletteDesigner" */;
			buildPhases = (
				81C9AE542C8DDE0F00DA8DCC /* Sources */,
				81C9AE552C8DDE0F00DA8DCC /* Frameworks */,
				81C9AE562C8DDE0F00DA8DCC /* Resources */,
			);
			buildRules = (
			);
			dependencies = (
			);
			name = PaletteDesigner;
			packageProductDependencies = (
				81C9AE6B2C8DDE3200DA8DCC /* NVMColor */,
			);
			productName = PaletteDesigner;
			productReference = 81C9AE582C8DDE0F00DA8DCC /* PaletteDesigner.app */;
			productType = "com.apple.product-type.application";
		};
/* End PBXNativeTarget section */

/* Begin PBXProject section */
		81C9AE502C8DDE0F00DA8DCC /* Project object */ = {
			isa = PBXProject;
			attributes = {
				BuildIndependentTargetsInParallel = 1;
				LastSwiftUpdateCheck = 1540;
				LastUpgradeCheck = 1540;
				TargetAttributes = {
					81C9AE572C8DDE0F00DA8DCC = {
						CreatedOnToolsVersion = 15.4;
					};
				};
			};
			buildConfigurationList = 81C9AE532C8DDE0F00DA8DCC /* Build configuration list for PBXProject "PaletteDesigner" */;
			compatibilityVersion = "Xcode 14.0";
			developmentRegion = en;
			hasScannedForEncodings = 0;
			knownRegions = (
				en,
				Base,
			);
			mainGroup = 81C9AE4F2C8DDE0F00DA8DCC;
			packageReferences = (
				81C9AE6A2C8DDE3200DA8DCC /* XCRemoteSwiftPackageReference "NVMColor_swift" */,
			);
			productRefGroup = 81C9AE592C8DDE0F00DA8DCC /* Products */;
			projectDirPath = "";
			projectRoot = "";
			targets = (
				81C9AE572C8DDE0F00DA8DCC /* PaletteDesigner */,
			);
		};
/* End PBXProject section */

/* Begin PBXResourcesBuildPhase section */
		81C9AE562C8DDE0F00DA8DCC /* Resources */ = {
			isa = PBXResourcesBuildPhase;
			buildActionMask = 2147483647;
			files = (
				81C9AE632C8DDE1000DA8DCC /* Preview Assets.xcassets in Resources */,
				81C9AE602C8DDE1000DA8DCC /* Assets.xcassets in Resources */,
			);
			runOnlyForDeploymentPostprocessing = 0;
		};
/* End PBXResourcesBuildPhase section */

/* Begin PBXSourcesBuildPhase section */
		81C9AE542C8DDE0F00DA8DCC /* Sources */ = {
			isa = PBXSourcesBuildPhase;
			buildActionMask = 2147483647;
			files = (
				81C9AE5E2C8DDE0F00DA8DCC /* ContentView.swift in Sources */,
				81C9AE5C2C8DDE0F00DA8DCC /* PaletteDesignerApp.swift in Sources */,
				81C9AE6E2C8DE2D800DA8DCC /* SwatchView.swift in Sources */,
			);
			runOnlyForDeploymentPostprocessing = 0;
		};
/* End PBXSourcesBuildPhase section */

/* Begin XCBuildConfiguration section */
		81C9AE652C8DDE1000DA8DCC /* Debug */ = {
			isa = XCBuildConfiguration;
			buildSettings = {
				ALWAYS_SEARCH_USER_PATHS = NO;
				ASSETCATALOG_COMPILER_GENERATE_SWIFT_ASSET_SYMBOL_EXTENSIONS = YES;
				CLANG_ANALYZER_NONNULL = YES;
				CLANG_ANALYZER_NUMBER_OBJECT_CONVERSION = YES_AGGRESSIVE;
				CLANG_CXX_LANGUAGE_STANDARD = "gnu++20";
				CLANG_ENABLE_MODULES = YES;
				CLANG_ENABLE_OBJC_ARC = YES;
				CLANG_ENABLE_OBJC_WEAK = YES;
				CLANG_WARN_BLOCK_CAPTURE_AUTORELEASING = YES;
				CLANG_WARN_BOOL_CONVERSION = YES;
				CLANG_WARN_COMMA = YES;
				CLANG_WARN_CONSTANT_CONVERSION = YES;
				CLANG_WARN_DEPRECATED_OBJC_IMPLEMENTATIONS = YES;
				CLANG_WARN_DIRECT_OBJC_ISA_USAGE = YES_ERROR;
				CLANG_WARN_DOCUMENTATION_COMMENTS = YES;
				CLANG_WARN_EMPTY_BODY = YES;
				CLANG_WARN_ENUM_CONVERSION = YES;
				CLANG_WARN_INFINITE_RECURSION = YES;
				CLANG_WARN_INT_CONVERSION = YES;
				CLANG_WARN_NON_LITERAL_NULL_CONVERSION = YES;
				CLANG_WARN_OBJC_IMPLICIT_RETAIN_SELF = YES;
				CLANG_WARN_OBJC_LITERAL_CONVERSION = YES;
				CLANG_WARN_OBJC_ROOT_CLASS = YES_ERROR;
				CLANG_WARN_QUOTED_INCLUDE_IN_FRAMEWORK_HEADER = YES;
				CLANG_WARN_RANGE_LOOP_ANALYSIS = YES;
				CLANG_WARN_STRICT_PROTOTYPES = YES;
				CLANG_WARN_SUSPICIOUS_MOVE = YES;
				CLANG_WARN_UNGUARDED_AVAILABILITY = YES_AGGRESSIVE;
				CLANG_WARN_UNREACHABLE_CODE = YES;
				CLANG_WARN__DUPLICATE_METHOD_MATCH = YES;
				COPY_PHASE_STRIP = NO;
				DEBUG_INFORMATION_FORMAT = dwarf;
				ENABLE_STRICT_OBJC_MSGSEND = YES;
				ENABLE_TESTABILITY = YES;
				ENABLE_USER_SCRIPT_SANDBOXING = YES;
				GCC_C_LANGUAGE_STANDARD = gnu17;
				GCC_DYNAMIC_NO_PIC = NO;
				GCC_NO_COMMON_BLOCKS = YES;
				GCC_OPTIMIZATION_LEVEL = 0;
				GCC_PREPROCESSOR_DEFINITIONS = (
					"DEBUG=1",
					"$(inherited)",
				);
				GCC_WARN_64_TO_32_BIT_CONVERSION = YES;
				GCC_WARN_ABOUT_RETURN_TYPE = YES_ERROR;
				GCC_WARN_UNDECLARED_SELECTOR = YES;
				GCC_WARN_UNINITIALIZED_AUTOS = YES_AGGRESSIVE;
				GCC_WARN_UNUSED_FUNCTION = YES;
				GCC_WARN_UNUSED_VARIABLE = YES;
				LOCALIZATION_PREFERS_STRING_CATALOGS = YES;
				MACOSX_DEPLOYMENT_TARGET = 14.5;
				MTL_ENABLE_DEBUG_INFO = INCLUDE_SOURCE;
				MTL_FAST_MATH = YES;
				ONLY_ACTIVE_ARCH = YES;
				SDKROOT = macosx;
				SWIFT_ACTIVE_COMPILATION_CONDITIONS = "DEBUG $(inherited)";
				SWIFT_OPTIMIZATION_LEVEL = "-Onone";
			};
			name = Debug;
		};
		81C9AE662C8DDE1000DA8DCC /* Release */ = {
			isa = XCBuildConfiguration;
			buildSettings = {
				ALWAYS_SEARCH_USER_PATHS = NO;
				ASSETCATALOG_COMPILER_GENERATE_SWIFT_ASSET_SYMBOL_EXTENSIONS = YES;
				CLANG_ANALYZER_NONNULL = YES;
				CLANG_ANALYZER_NUMBER_OBJECT_CONVERSION = YES_AGGRESSIVE;
				CLANG_CXX_LANGUAGE_STANDARD = "gnu++20";
				CLANG_ENABLE_MODULES = YES;
				CLANG_ENABLE_OBJC_ARC = YES;
				CLANG_ENABLE_OBJC_WEAK = YES;
				CLANG_WARN_BLOCK_CAPTURE_AUTORELEASING = YES;
				CLANG_WARN_BOOL_CONVERSION = YES;
				CLANG_WARN_COMMA = YES;
				CLANG_WARN_CONSTANT_CONVERSION = YES;
				CLANG_WARN_DEPRECATED_OBJC_IMPLEMENTATIONS = YES;
				CLANG_WARN_DIRECT_OBJC_ISA_USAGE = YES_ERROR;
				CLANG_WARN_DOCUMENTATION_COMMENTS = YES;
				CLANG_WARN_EMPTY_BODY = YES;
				CLANG_WARN_ENUM_CONVERSION = YES;
				CLANG_WARN_INFINITE_RECURSION = YES;
				CLANG_WARN_INT_CONVERSION = YES;
				CLANG_WARN_NON_LITERAL_NULL_CONVERSION = YES;
				CLANG_WARN_OBJC_IMPLICIT_RETAIN_SELF = YES;
				CLANG_WARN_OBJC_LITERAL_CONVERSION = YES;
				CLANG_WARN_OBJC_ROOT_CLASS = YES_ERROR;
				CLANG_WARN_QUOTED_INCLUDE_IN_FRAMEWORK_HEADER = YES;
				CLANG_WARN_RANGE_LOOP_ANALYSIS = YES;
				CLANG_WARN_STRICT_PROTOTYPES = YES;
				CLANG_WARN_SUSPICIOUS_MOVE = YES;
				CLANG_WARN_UNGUARDED_AVAILABILITY = YES_AGGRESSIVE;
				CLANG_WARN_UNREACHABLE_CODE = YES;
				CLANG_WARN__DUPLICATE_METHOD_MATCH = YES;
				COPY_PHASE_STRIP = NO;
				DEBUG_INFORMATION_FORMAT = "dwarf-with-dsym";
				ENABLE_NS_ASSERTIONS = NO;
				ENABLE_STRICT_OBJC_MSGSEND = YES;
				ENABLE_USER_SCRIPT_SANDBOXING = YES;
				GCC_C_LANGUAGE_STANDARD = gnu17;
				GCC_NO_COMMON_BLOCKS = YES;
				GCC_WARN_64_TO_32_BIT_CONVERSION = YES;
				GCC_WARN_ABOUT_RETURN_TYPE = YES_ERROR;
				GCC_WARN_UNDECLARED_SELECTOR = YES;
				GCC_WARN_UNINITIALIZED_AUTOS = YES_AGGRESSIVE;
				GCC_WARN_UNUSED_FUNCTION = YES;
				GCC_WARN_UNUSED_VARIABLE = YES;
				LOCALIZATION_PREFERS_STRING_CATALOGS = YES;
				MACOSX_DEPLOYMENT_TARGET = 14.5;
				MTL_ENABLE_DEBUG_INFO = NO;
				MTL_FAST_MATH = YES;
				SDKROOT = macosx;
				SWIFT_COMPILATION_MODE = wholemodule;
			};
			name = Release;
		};
		81C9AE682C8DDE1000DA8DCC /* Debug */ = {
			isa = XCBuildConfiguration;
			buildSettings = {
				ASSETCATALOG_COMPILER_APPICON_NAME = AppIcon;
				ASSETCATALOG_COMPILER_GLOBAL_ACCENT_COLOR_NAME = AccentColor;
				CODE_SIGN_ENTITLEMENTS = PaletteDesigner/PaletteDesigner.entitlements;
				CODE_SIGN_STYLE = Automatic;
				COMBINE_HIDPI_IMAGES = YES;
				CURRENT_PROJECT_VERSION = 1;
				DEVELOPMENT_ASSET_PATHS = "\"PaletteDesigner/Preview Content\"";
				DEVELOPMENT_TEAM = U2ZN2W2UQJ;
				ENABLE_HARDENED_RUNTIME = YES;
				ENABLE_PREVIEWS = YES;
				GENERATE_INFOPLIST_FILE = YES;
				INFOPLIST_KEY_NSHumanReadableCopyright = "";
				LD_RUNPATH_SEARCH_PATHS = (
					"$(inherited)",
					"@executable_path/../Frameworks",
				);
				MARKETING_VERSION = 1.0;
				PRODUCT_BUNDLE_IDENTIFIER = ca.russellgordon.PaletteDesigner;
				PRODUCT_NAME = "$(TARGET_NAME)";
				SWIFT_EMIT_LOC_STRINGS = YES;
				SWIFT_VERSION = 5.0;
			};
			name = Debug;
		};
		81C9AE692C8DDE1000DA8DCC /* Release */ = {
			isa = XCBuildConfiguration;
			buildSettings = {
				ASSETCATALOG_COMPILER_APPICON_NAME = AppIcon;
				ASSETCATALOG_COMPILER_GLOBAL_ACCENT_COLOR_NAME = AccentColor;
				CODE_SIGN_ENTITLEMENTS = PaletteDesigner/PaletteDesigner.entitlements;
				CODE_SIGN_STYLE = Automatic;
				COMBINE_HIDPI_IMAGES = YES;
				CURRENT_PROJECT_VERSION = 1;
				DEVELOPMENT_ASSET_PATHS = "\"PaletteDesigner/Preview Content\"";
				DEVELOPMENT_TEAM = U2ZN2W2UQJ;
				ENABLE_HARDENED_RUNTIME = YES;
				ENABLE_PREVIEWS = YES;
				GENERATE_INFOPLIST_FILE = YES;
				INFOPLIST_KEY_NSHumanReadableCopyright = "";
				LD_RUNPATH_SEARCH_PATHS = (
					"$(inherited)",
					"@executable_path/../Frameworks",
				);
				MARKETING_VERSION = 1.0;
				PRODUCT_BUNDLE_IDENTIFIER = ca.russellgordon.PaletteDesigner;
				PRODUCT_NAME = "$(TARGET_NAME)";
				SWIFT_EMIT_LOC_STRINGS = YES;
				SWIFT_VERSION = 5.0;
			};
			name = Release;
		};
/* End XCBuildConfiguration section */

/* Begin XCConfigurationList section */
		81C9AE532C8DDE0F00DA8DCC /* Build configuration list for PBXProject "PaletteDesigner" */ = {
			isa = XCConfigurationList;
			buildConfigurations = (
				81C9AE652C8DDE1000DA8DCC /* Debug */,
				81C9AE662C8DDE1000DA8DCC /* Release */,
			);
			defaultConfigurationIsVisible = 0;
			defaultConfigurationName = Release;
		};
		81C9AE672C8DDE1000DA8DCC /* Build configuration list for PBXNativeTarget "PaletteDesigner" */ = {
			isa = XCConfigurationList;
			buildConfigurations = (
				81C9AE682C8DDE1000DA8DCC /* Debug */,
				81C9AE692C8DDE1000DA8DCC /* Release */,
			);
			defaultConfigurationIsVisible = 0;
			defaultConfigurationName = Release;
		};
/* End XCConfigurationList section */

/* Begin XCRemoteSwiftPackageReference section */
		81C9AE6A2C8DDE3200DA8DCC /* XCRemoteSwiftPackageReference "NVMColor_swift" */ = {
			isa = XCRemoteSwiftPackageReference;
			repositoryURL = "https://github.com/NVMNovem/NVMColor_swift";
			requirement = {
				kind = upToNextMajorVersion;
				minimumVersion = 1.2.5;
			};
		};
/* End XCRemoteSwiftPackageReference section */

/* Begin XCSwiftPackageProductDependency section */
		81C9AE6B2C8DDE3200DA8DCC /* NVMColor */ = {
			isa = XCSwiftPackageProductDependency;
			package = 81C9AE6A2C8DDE3200DA8DCC /* XCRemoteSwiftPackageReference "NVMColor_swift" */;
			productName = NVMColor;
		};
/* End XCSwiftPackageProductDependency section */
	};
	rootObject = 81C9AE502C8DDE0F00DA8DCC /* Project object */;
}
